
Microsoft Visual Studio Solution File, Format Version 12.00
# Visual Studio Version 17
VisualStudioVersion = 17.11.35327.3
MinimumVisualStudioVersion = 10.0.40219.1
Project("{8BC9CEB8-8B4A-11D0-8D11-00A0C91BC942}") = "SimultaneousSimplicity", "SimultaneousSimplicity.vcxproj", "{061CB63F-03AE-4571-B3BF-E9652A713A65}"
EndProject
Global
	GlobalSection(SolutionConfigurationPlatforms) = preSolution
		Debug|x64 = Debug|x64
		Release|x64 = Release|x64
	EndGlobalSection
	GlobalSection(ProjectConfigurationPlatforms) = postSolution
		{061CB63F-03AE-4571-B3BF-E9652A713A65}.Debug|x64.ActiveCfg = Debug|x64
		{061CB63F-03AE-4571-B3BF-E9652A713A65}.Debug|x64.Build.0 = Debug|x64
		{061CB63F-03AE-4571-B3BF-E9652A713A65}.Release|x64.ActiveCfg = Release|x64
		{061CB63F-03AE-4571-B3BF-E9652A713A65}.Release|x64.Build.0 = Release|x64
	EndGlobalSection
	GlobalSection(SolutionProperties) = preSolution
		HideSolutionNode = FALSE
	EndGlobalSection
	GlobalSection(ExtensibilityGlobals) = postSolution
		SolutionGuid = {4E3A2B5F-6882-473E-8C55-1078BE994E06}
	EndGlobalSection
EndGlobal
