<?xml version="1.0" encoding="utf-8"?>
<Project ToolsVersion="4.0" xmlns="http://schemas.microsoft.com/developer/msbuild/2003">
  <ItemGroup>
    <CudaCompile Include="main.cpp" />
    <CudaCompile Include="kernels\stream.cu">
      <Filter>kernels</Filter>
    </CudaCompile>
    <CudaCompile Include="CuPoisson\CudaReduction\CuReduction.cu">
      <Filter>CuPoisson</Filter>
    </CudaCompile>
  </ItemGroup>
  <ItemGroup>
    <Filter Include="kernels">
      <UniqueIdentifier>{b20f6800-7d97-4d9a-b067-4be352be2d0b}</UniqueIdentifier>
    </Filter>
    <Filter Include="CuPoisson">
      <UniqueIdentifier>{07669774-ae4e-4016-9cf8-969452c9cfe3}</UniqueIdentifier>
    </Filter>
  </ItemGroup>
  <ItemGroup>
    <ClInclude Include="kernels\deriv.h">
      <Filter>kernels</Filter>
    </ClInclude>
    <ClInclude Include="kernels\stream.h">
      <Filter>kernels</Filter>
    </ClInclude>
    <ClInclude Include="CuPoisson\CuPoisson.h">
      <Filter>CuPoisson</Filter>
    </ClInclude>
    <ClInclude Include="CuPoisson\CudaReduction\CuGraph.h">
      <Filter>CuPoisson</Filter>
    </ClInclude>
    <ClInclude Include="CuPoisson\CudaReduction\CuReduction.h">
      <Filter>CuPoisson</Filter>
    </ClInclude>
    <ClInclude Include="Extras.h" />
    <ClInclude Include="ExtrasCuda.h" />
    <ClInclude Include="types_project.h" />
  </ItemGroup>
</Project>