<?xml version="1.0" encoding="utf-8"?>
<Project ToolsVersion="4.0" xmlns="http://schemas.microsoft.com/developer/msbuild/2003">
  <ItemGroup>
    <CudaCompile Include="src\main.cpp" />
    <CudaCompile Include="src\kernels\stream.cu">
      <Filter>kernels</Filter>
    </CudaCompile>
    <CudaCompile Include="src\CuPoisson\CudaReduction\CuReduction.cu">
      <Filter>CuPoisson</Filter>
    </CudaCompile>
    <CudaCompile Include="src\kernels\fv_projection.cu" />
  </ItemGroup>
  <ItemGroup>
    <Filter Include="kernels">
      <UniqueIdentifier>{b20f6800-7d97-4d9a-b067-4be352be2d0b}</UniqueIdentifier>
    </Filter>
    <Filter Include="CuPoisson">
      <UniqueIdentifier>{07669774-ae4e-4016-9cf8-969452c9cfe3}</UniqueIdentifier>
    </Filter>
    <Filter Include="_Tools">
      <UniqueIdentifier>{8cba9b6f-78cb-4fe7-8afd-e6f18aa7c90e}</UniqueIdentifier>
    </Filter>
  </ItemGroup>
  <ItemGroup>
    <ClInclude Include="src\kernels\deriv.h">
      <Filter>kernels</Filter>
    </ClInclude>
    <ClInclude Include="src\kernels\stream.h">
      <Filter>kernels</Filter>
    </ClInclude>
    <ClInclude Include="src\CuPoisson\CuPoisson.h">
      <Filter>CuPoisson</Filter>
    </ClInclude>
    <ClInclude Include="src\CuPoisson\CudaReduction\CuGraph.h">
      <Filter>CuPoisson</Filter>
    </ClInclude>
    <ClInclude Include="src\CuPoisson\CudaReduction\CuReduction.h">
      <Filter>CuPoisson</Filter>
    </ClInclude>
    <ClInclude Include="src\Extras.h" />
    <ClInclude Include="src\ExtrasCuda.h" />
    <ClInclude Include="src\types_project.h" />
    <ClInclude Include="src\CPUSolvers\cpu_stream.h">
      <Filter>kernels</Filter>
    </ClInclude>
    <ClInclude Include="src\FromOuterSparse\SparseMatrix.h">
      <Filter>_Tools</Filter>
    </ClInclude>
    <ClInclude Include="src\CPUSolvers\cpu_stream_impl.h">
      <Filter>kernels</Filter>
    </ClInclude>
    <ClInclude Include="src\globals.h" />
    <ClInclude Include="src\init.h" />
    <ClInclude Include="src\CuBiCGStab\src\kernels.h" />
    <ClInclude Include="src\CuBiCGStab\src\ReductionM.h" />
    <ClInclude Include="src\CuBiCGStab\src\CudaExtras.h" />
    <ClInclude Include="src\CuBiCGStab\src\CuCG.h" />
    <ClInclude Include="src\CPUSolvers\cpu_fv_projection.h" />
    <ClInclude Include="src\kernels\fv_projection.h" />
    <ClInclude Include="src\kernels\fv_fluxes.h" />
    <ClInclude Include="src\CuBiCGStab\CuCG.h" />
    <ClInclude Include="src\kernels\projection\Header.h" />
  </ItemGroup>
  <ItemGroup>
    <ClCompile Include="src\FromOuterSparse\SparseMatrix.cpp">
      <Filter>_Tools</Filter>
    </ClCompile>
    <ClCompile Include="src\FromOuterSparse\SparseMatrix_IO.cpp">
      <Filter>_Tools</Filter>
    </ClCompile>
  </ItemGroup>
</Project>